
Microsoft Visual Studio Solution File, Format Version 12.00
# Visual Studio Version 17
VisualStudioVersion = 17.2.32526.322
MinimumVisualStudioVersion = 10.0.40219.1
Project("{FAE04EC0-301F-11D3-BF4B-00C04F79EFBC}") = "SpaceInvaders", "SpaceInvaders\SpaceInvaders.csproj", "{EE00AA1A-1AEF-4E50-8E15-10A4B259C72C}"
EndProject
Global
	GlobalSection(SolutionConfigurationPlatforms) = preSolution
		Debug|Any CPU = Debug|Any CPU
		Release|Any CPU = Release|Any CPU
	EndGlobalSection
	GlobalSection(ProjectConfigurationPlatforms) = postSolution
		{EE00AA1A-1AEF-4E50-8E15-10A4B259C72C}.Debug|Any CPU.ActiveCfg = Debug|Any CPU
		{EE00AA1A-1AEF-4E50-8E15-10A4B259C72C}.Debug|Any CPU.Build.0 = Debug|Any CPU
		{EE00AA1A-1AEF-4E50-8E15-10A4B259C72C}.Release|Any CPU.ActiveCfg = Release|Any CPU
		{EE00AA1A-1AEF-4E50-8E15-10A4B259C72C}.Release|Any CPU.Build.0 = Release|Any CPU
	EndGlobalSection
	GlobalSection(SolutionProperties) = preSolution
		HideSolutionNode = FALSE
	EndGlobalSection
	GlobalSection(ExtensibilityGlobals) = postSolution
		SolutionGuid = {49017C96-91AF-4E7F-9AA8-5D59109D9577}
	EndGlobalSection
EndGlobal
